
Microsoft Visual Studio Solution File, Format Version 12.00
# Visual Studio Version 17
VisualStudioVersion = 17.0.31903.59
MinimumVisualStudioVersion = 10.0.40219.1
Project("{9A19103F-16F7-4668-BE54-9A1E7A4F7556}") = "ProductsApi", "ProductsApi\ProductsApi.csproj", "{059018D8-80B6-40C0-AF93-FE9A8A08B671}"
EndProject
Project("{9A19103F-16F7-4668-BE54-9A1E7A4F7556}") = "StoresApi", "StoresApi\StoresApi.csproj", "{D61A6A7A-9A89-4DAD-AC18-CE9E2DFF44C1}"
EndProject
Project("{9A19103F-16F7-4668-BE54-9A1E7A4F7556}") = "StocksApi", "StocksApi\StocksApi.csproj", "{E2F755A6-49E4-4782-A3A4-DECEAE5A81BF}"
EndProject
Project("{9A19103F-16F7-4668-BE54-9A1E7A4F7556}") = "OcelotApi", "OcelotApi\OcelotApi.csproj", "{062D077A-CBC3-4DC3-8CF9-D11079DB3D2C}"
EndProject
Project("{9A19103F-16F7-4668-BE54-9A1E7A4F7556}") = "GraphQlApi", "GraphQlApi\GraphQlApi.csproj", "{D19BB547-F859-4D98-8032-DDB6A39DD58F}"
EndProject
Project("{9A19103F-16F7-4668-BE54-9A1E7A4F7556}") = "Contracts", "Contracts\Contracts.csproj", "{47CB8E06-EE8C-4EB3-AA2E-986C89C3B0B8}"
EndProject
Project("{9A19103F-16F7-4668-BE54-9A1E7A4F7556}") = "ExternalLinks", "ExternalLinks\ExternalLinks.csproj", "{91E455D9-35A1-4776-8311-C5E2B6C91092}"
EndProject
Project("{2150E333-8FDC-42A3-9474-1A3956D46DE8}") = "sln", "sln", "{604F7725-3F47-4C19-8622-69ED088E06C1}"
	ProjectSection(SolutionItems) = preProject
		.editorconfig = .editorconfig
		.gitignore = .gitignore
		readme.md = readme.md
	EndProjectSection
EndProject
Project("{9A19103F-16F7-4668-BE54-9A1E7A4F7556}") = "UsersApi", "UsersApi\UsersApi.csproj", "{A0495FD9-EDA3-4A16-97C7-D4D859E926EF}"
EndProject
Project("{FAE04EC0-301F-11D3-BF4B-00C04F79EFBC}") = "TokenManager", "TokenManager\TokenManager.csproj", "{062A4C19-EBF1-41B2-814F-AB1B3FAD83B4}"
EndProject
Project("{E53339B2-1760-4266-BCC7-CA923CBCF16C}") = "docker-compose", "docker-compose.dcproj", "{F985BF54-A392-4777-88B4-09ABD5E397B3}"
EndProject
Global
	GlobalSection(SolutionConfigurationPlatforms) = preSolution
		Debug|Any CPU = Debug|Any CPU
		Release|Any CPU = Release|Any CPU
	EndGlobalSection
	GlobalSection(ProjectConfigurationPlatforms) = postSolution
		{059018D8-80B6-40C0-AF93-FE9A8A08B671}.Debug|Any CPU.ActiveCfg = Debug|Any CPU
		{059018D8-80B6-40C0-AF93-FE9A8A08B671}.Debug|Any CPU.Build.0 = Debug|Any CPU
		{059018D8-80B6-40C0-AF93-FE9A8A08B671}.Release|Any CPU.ActiveCfg = Release|Any CPU
		{059018D8-80B6-40C0-AF93-FE9A8A08B671}.Release|Any CPU.Build.0 = Release|Any CPU
		{D61A6A7A-9A89-4DAD-AC18-CE9E2DFF44C1}.Debug|Any CPU.ActiveCfg = Debug|Any CPU
		{D61A6A7A-9A89-4DAD-AC18-CE9E2DFF44C1}.Debug|Any CPU.Build.0 = Debug|Any CPU
		{D61A6A7A-9A89-4DAD-AC18-CE9E2DFF44C1}.Release|Any CPU.ActiveCfg = Release|Any CPU
		{D61A6A7A-9A89-4DAD-AC18-CE9E2DFF44C1}.Release|Any CPU.Build.0 = Release|Any CPU
		{E2F755A6-49E4-4782-A3A4-DECEAE5A81BF}.Debug|Any CPU.ActiveCfg = Debug|Any CPU
		{E2F755A6-49E4-4782-A3A4-DECEAE5A81BF}.Debug|Any CPU.Build.0 = Debug|Any CPU
		{E2F755A6-49E4-4782-A3A4-DECEAE5A81BF}.Release|Any CPU.ActiveCfg = Release|Any CPU
		{E2F755A6-49E4-4782-A3A4-DECEAE5A81BF}.Release|Any CPU.Build.0 = Release|Any CPU
		{062D077A-CBC3-4DC3-8CF9-D11079DB3D2C}.Debug|Any CPU.ActiveCfg = Debug|Any CPU
		{062D077A-CBC3-4DC3-8CF9-D11079DB3D2C}.Debug|Any CPU.Build.0 = Debug|Any CPU
		{062D077A-CBC3-4DC3-8CF9-D11079DB3D2C}.Release|Any CPU.ActiveCfg = Release|Any CPU
		{062D077A-CBC3-4DC3-8CF9-D11079DB3D2C}.Release|Any CPU.Build.0 = Release|Any CPU
		{D19BB547-F859-4D98-8032-DDB6A39DD58F}.Debug|Any CPU.ActiveCfg = Debug|Any CPU
		{D19BB547-F859-4D98-8032-DDB6A39DD58F}.Debug|Any CPU.Build.0 = Debug|Any CPU
		{D19BB547-F859-4D98-8032-DDB6A39DD58F}.Release|Any CPU.ActiveCfg = Release|Any CPU
		{D19BB547-F859-4D98-8032-DDB6A39DD58F}.Release|Any CPU.Build.0 = Release|Any CPU
		{47CB8E06-EE8C-4EB3-AA2E-986C89C3B0B8}.Debug|Any CPU.ActiveCfg = Debug|Any CPU
		{47CB8E06-EE8C-4EB3-AA2E-986C89C3B0B8}.Debug|Any CPU.Build.0 = Debug|Any CPU
		{47CB8E06-EE8C-4EB3-AA2E-986C89C3B0B8}.Release|Any CPU.ActiveCfg = Release|Any CPU
		{47CB8E06-EE8C-4EB3-AA2E-986C89C3B0B8}.Release|Any CPU.Build.0 = Release|Any CPU
		{91E455D9-35A1-4776-8311-C5E2B6C91092}.Debug|Any CPU.ActiveCfg = Debug|Any CPU
		{91E455D9-35A1-4776-8311-C5E2B6C91092}.Debug|Any CPU.Build.0 = Debug|Any CPU
		{91E455D9-35A1-4776-8311-C5E2B6C91092}.Release|Any CPU.ActiveCfg = Release|Any CPU
		{91E455D9-35A1-4776-8311-C5E2B6C91092}.Release|Any CPU.Build.0 = Release|Any CPU
		{A0495FD9-EDA3-4A16-97C7-D4D859E926EF}.Debug|Any CPU.ActiveCfg = Debug|Any CPU
		{A0495FD9-EDA3-4A16-97C7-D4D859E926EF}.Debug|Any CPU.Build.0 = Debug|Any CPU
		{A0495FD9-EDA3-4A16-97C7-D4D859E926EF}.Release|Any CPU.ActiveCfg = Release|Any CPU
		{A0495FD9-EDA3-4A16-97C7-D4D859E926EF}.Release|Any CPU.Build.0 = Release|Any CPU
		{062A4C19-EBF1-41B2-814F-AB1B3FAD83B4}.Debug|Any CPU.ActiveCfg = Debug|Any CPU
		{062A4C19-EBF1-41B2-814F-AB1B3FAD83B4}.Debug|Any CPU.Build.0 = Debug|Any CPU
		{062A4C19-EBF1-41B2-814F-AB1B3FAD83B4}.Release|Any CPU.ActiveCfg = Release|Any CPU
		{062A4C19-EBF1-41B2-814F-AB1B3FAD83B4}.Release|Any CPU.Build.0 = Release|Any CPU
		{F985BF54-A392-4777-88B4-09ABD5E397B3}.Debug|Any CPU.ActiveCfg = Debug|Any CPU
		{F985BF54-A392-4777-88B4-09ABD5E397B3}.Debug|Any CPU.Build.0 = Debug|Any CPU
		{F985BF54-A392-4777-88B4-09ABD5E397B3}.Release|Any CPU.ActiveCfg = Release|Any CPU
		{F985BF54-A392-4777-88B4-09ABD5E397B3}.Release|Any CPU.Build.0 = Release|Any CPU
	EndGlobalSection
	GlobalSection(SolutionProperties) = preSolution
		HideSolutionNode = FALSE
	EndGlobalSection
	GlobalSection(ExtensibilityGlobals) = postSolution
		SolutionGuid = {B403D204-7A78-4B9F-A4B9-86E3ECBB2FF7}
	EndGlobalSection
EndGlobal
