
Microsoft Visual Studio Solution File, Format Version 12.00
# Visual Studio Version 17
VisualStudioVersion = 17.0.31903.59
MinimumVisualStudioVersion = 10.0.40219.1
Project("{9A19103F-16F7-4668-BE54-9A1E7A4F7556}") = "Products.Domain", "Products.Api\Products.Domain\Products.Domain.csproj", "{97B159E3-8E47-44B3-AEA8-F7347B568CF5}"
EndProject
Project("{9A19103F-16F7-4668-BE54-9A1E7A4F7556}") = "Products.Persistence", "Products.Api\Products.Persistence\Products.Persistence.csproj", "{E9262122-9547-4B4D-96C5-BAF68BEE62B6}"
EndProject
Project("{9A19103F-16F7-4668-BE54-9A1E7A4F7556}") = "Products.Presentation", "Products.Api\Products.Presentation\Products.Presentation.csproj", "{C0D04ADF-092D-4753-B77A-64F03E44231E}"
EndProject
Project("{9A19103F-16F7-4668-BE54-9A1E7A4F7556}") = "Products.Application", "Products.Api\Products.Application\Products.Application.csproj", "{08A93475-0DF1-4890-815D-42F2FA75E8CF}"
EndProject
Project("{2150E333-8FDC-42A3-9474-1A3956D46DE8}") = "Products.Api", "Products.Api", "{86E47E0B-A603-4A95-B3FF-25047729C778}"
EndProject
Project("{2150E333-8FDC-42A3-9474-1A3956D46DE8}") = "Store.Api", "Store.Api", "{A36D9407-BAE5-4F71-9B6B-7E1F29EC75C2}"
EndProject
Project("{9A19103F-16F7-4668-BE54-9A1E7A4F7556}") = "Stores.Domain", "Store.Api\Stores.Domain\Stores.Domain.csproj", "{174950B7-26BA-4D18-B9EE-9C3BE9221542}"
EndProject
Project("{9A19103F-16F7-4668-BE54-9A1E7A4F7556}") = "Stores.Persistence", "Store.Api\Stores.Persistence\Stores.Persistence.csproj", "{CA48EC61-BA62-441D-BC0B-D6BB890921DB}"
EndProject
Project("{9A19103F-16F7-4668-BE54-9A1E7A4F7556}") = "Stores.Presentation", "Store.Api\Stores.Presentation\Stores.Presentation.csproj", "{3092E879-E5AA-417F-9A1B-66CA582DB84C}"
EndProject
Project("{9A19103F-16F7-4668-BE54-9A1E7A4F7556}") = "Stores.Application", "Store.Api\Stores.Application\Stores.Application.csproj", "{01CDA40D-0445-42F9-9979-6BE958728D45}"
EndProject
Project("{9A19103F-16F7-4668-BE54-9A1E7A4F7556}") = "Products.Contracts", "Products.Api\Products.Contracts\Products.Contracts.csproj", "{B64BD1A9-AB30-4A53-97E2-C7956B8518C0}"
EndProject
Project("{9A19103F-16F7-4668-BE54-9A1E7A4F7556}") = "Stores.Contracts", "Store.Api\Stores.Contracts\Stores.Contracts.csproj", "{7557110B-B244-4B2C-948A-D14B3E98FFBE}"
EndProject
Project("{2150E333-8FDC-42A3-9474-1A3956D46DE8}") = "Oselot.Api", "Oselot.Api", "{71926726-02CD-45EB-B971-BF7D923E54A6}"
EndProject
Project("{FAE04EC0-301F-11D3-BF4B-00C04F79EFBC}") = "OselotPresentation", "Ocelot.Api\OselotPresentation\OselotPresentation.csproj", "{52C176C8-8998-456F-A97E-FF23FE19A7F1}"
EndProject
Global
	GlobalSection(SolutionConfigurationPlatforms) = preSolution
		Debug|Any CPU = Debug|Any CPU
		Release|Any CPU = Release|Any CPU
	EndGlobalSection
	GlobalSection(ProjectConfigurationPlatforms) = postSolution
		{97B159E3-8E47-44B3-AEA8-F7347B568CF5}.Debug|Any CPU.ActiveCfg = Debug|Any CPU
		{97B159E3-8E47-44B3-AEA8-F7347B568CF5}.Debug|Any CPU.Build.0 = Debug|Any CPU
		{97B159E3-8E47-44B3-AEA8-F7347B568CF5}.Release|Any CPU.ActiveCfg = Release|Any CPU
		{97B159E3-8E47-44B3-AEA8-F7347B568CF5}.Release|Any CPU.Build.0 = Release|Any CPU
		{E9262122-9547-4B4D-96C5-BAF68BEE62B6}.Debug|Any CPU.ActiveCfg = Debug|Any CPU
		{E9262122-9547-4B4D-96C5-BAF68BEE62B6}.Debug|Any CPU.Build.0 = Debug|Any CPU
		{E9262122-9547-4B4D-96C5-BAF68BEE62B6}.Release|Any CPU.ActiveCfg = Release|Any CPU
		{E9262122-9547-4B4D-96C5-BAF68BEE62B6}.Release|Any CPU.Build.0 = Release|Any CPU
		{C0D04ADF-092D-4753-B77A-64F03E44231E}.Debug|Any CPU.ActiveCfg = Debug|Any CPU
		{C0D04ADF-092D-4753-B77A-64F03E44231E}.Debug|Any CPU.Build.0 = Debug|Any CPU
		{C0D04ADF-092D-4753-B77A-64F03E44231E}.Release|Any CPU.ActiveCfg = Release|Any CPU
		{C0D04ADF-092D-4753-B77A-64F03E44231E}.Release|Any CPU.Build.0 = Release|Any CPU
		{08A93475-0DF1-4890-815D-42F2FA75E8CF}.Debug|Any CPU.ActiveCfg = Debug|Any CPU
		{08A93475-0DF1-4890-815D-42F2FA75E8CF}.Debug|Any CPU.Build.0 = Debug|Any CPU
		{08A93475-0DF1-4890-815D-42F2FA75E8CF}.Release|Any CPU.ActiveCfg = Release|Any CPU
		{08A93475-0DF1-4890-815D-42F2FA75E8CF}.Release|Any CPU.Build.0 = Release|Any CPU
		{174950B7-26BA-4D18-B9EE-9C3BE9221542}.Debug|Any CPU.ActiveCfg = Debug|Any CPU
		{174950B7-26BA-4D18-B9EE-9C3BE9221542}.Debug|Any CPU.Build.0 = Debug|Any CPU
		{174950B7-26BA-4D18-B9EE-9C3BE9221542}.Release|Any CPU.ActiveCfg = Release|Any CPU
		{174950B7-26BA-4D18-B9EE-9C3BE9221542}.Release|Any CPU.Build.0 = Release|Any CPU
		{CA48EC61-BA62-441D-BC0B-D6BB890921DB}.Debug|Any CPU.ActiveCfg = Debug|Any CPU
		{CA48EC61-BA62-441D-BC0B-D6BB890921DB}.Debug|Any CPU.Build.0 = Debug|Any CPU
		{CA48EC61-BA62-441D-BC0B-D6BB890921DB}.Release|Any CPU.ActiveCfg = Release|Any CPU
		{CA48EC61-BA62-441D-BC0B-D6BB890921DB}.Release|Any CPU.Build.0 = Release|Any CPU
		{3092E879-E5AA-417F-9A1B-66CA582DB84C}.Debug|Any CPU.ActiveCfg = Debug|Any CPU
		{3092E879-E5AA-417F-9A1B-66CA582DB84C}.Debug|Any CPU.Build.0 = Debug|Any CPU
		{3092E879-E5AA-417F-9A1B-66CA582DB84C}.Release|Any CPU.ActiveCfg = Release|Any CPU
		{3092E879-E5AA-417F-9A1B-66CA582DB84C}.Release|Any CPU.Build.0 = Release|Any CPU
		{01CDA40D-0445-42F9-9979-6BE958728D45}.Debug|Any CPU.ActiveCfg = Debug|Any CPU
		{01CDA40D-0445-42F9-9979-6BE958728D45}.Debug|Any CPU.Build.0 = Debug|Any CPU
		{01CDA40D-0445-42F9-9979-6BE958728D45}.Release|Any CPU.ActiveCfg = Release|Any CPU
		{01CDA40D-0445-42F9-9979-6BE958728D45}.Release|Any CPU.Build.0 = Release|Any CPU
		{B64BD1A9-AB30-4A53-97E2-C7956B8518C0}.Debug|Any CPU.ActiveCfg = Debug|Any CPU
		{B64BD1A9-AB30-4A53-97E2-C7956B8518C0}.Debug|Any CPU.Build.0 = Debug|Any CPU
		{B64BD1A9-AB30-4A53-97E2-C7956B8518C0}.Release|Any CPU.ActiveCfg = Release|Any CPU
		{B64BD1A9-AB30-4A53-97E2-C7956B8518C0}.Release|Any CPU.Build.0 = Release|Any CPU
		{7557110B-B244-4B2C-948A-D14B3E98FFBE}.Debug|Any CPU.ActiveCfg = Debug|Any CPU
		{7557110B-B244-4B2C-948A-D14B3E98FFBE}.Debug|Any CPU.Build.0 = Debug|Any CPU
		{7557110B-B244-4B2C-948A-D14B3E98FFBE}.Release|Any CPU.ActiveCfg = Release|Any CPU
		{7557110B-B244-4B2C-948A-D14B3E98FFBE}.Release|Any CPU.Build.0 = Release|Any CPU
		{52C176C8-8998-456F-A97E-FF23FE19A7F1}.Debug|Any CPU.ActiveCfg = Debug|Any CPU
		{52C176C8-8998-456F-A97E-FF23FE19A7F1}.Debug|Any CPU.Build.0 = Debug|Any CPU
		{52C176C8-8998-456F-A97E-FF23FE19A7F1}.Release|Any CPU.ActiveCfg = Release|Any CPU
		{52C176C8-8998-456F-A97E-FF23FE19A7F1}.Release|Any CPU.Build.0 = Release|Any CPU
	EndGlobalSection
	GlobalSection(SolutionProperties) = preSolution
		HideSolutionNode = FALSE
	EndGlobalSection
	GlobalSection(NestedProjects) = preSolution
		{97B159E3-8E47-44B3-AEA8-F7347B568CF5} = {86E47E0B-A603-4A95-B3FF-25047729C778}
		{E9262122-9547-4B4D-96C5-BAF68BEE62B6} = {86E47E0B-A603-4A95-B3FF-25047729C778}
		{C0D04ADF-092D-4753-B77A-64F03E44231E} = {86E47E0B-A603-4A95-B3FF-25047729C778}
		{08A93475-0DF1-4890-815D-42F2FA75E8CF} = {86E47E0B-A603-4A95-B3FF-25047729C778}
		{174950B7-26BA-4D18-B9EE-9C3BE9221542} = {A36D9407-BAE5-4F71-9B6B-7E1F29EC75C2}
		{CA48EC61-BA62-441D-BC0B-D6BB890921DB} = {A36D9407-BAE5-4F71-9B6B-7E1F29EC75C2}
		{3092E879-E5AA-417F-9A1B-66CA582DB84C} = {A36D9407-BAE5-4F71-9B6B-7E1F29EC75C2}
		{01CDA40D-0445-42F9-9979-6BE958728D45} = {A36D9407-BAE5-4F71-9B6B-7E1F29EC75C2}
		{B64BD1A9-AB30-4A53-97E2-C7956B8518C0} = {86E47E0B-A603-4A95-B3FF-25047729C778}
		{7557110B-B244-4B2C-948A-D14B3E98FFBE} = {A36D9407-BAE5-4F71-9B6B-7E1F29EC75C2}
		{52C176C8-8998-456F-A97E-FF23FE19A7F1} = {71926726-02CD-45EB-B971-BF7D923E54A6}
	EndGlobalSection
	GlobalSection(ExtensibilityGlobals) = postSolution
		SolutionGuid = {6416ED88-ADDE-4AF0-8DAC-6A77A4A6A9BC}
	EndGlobalSection
EndGlobal
